
Microsoft Visual Studio Solution File, Format Version 12.00
Project("{FAE04EC0-301F-11D3-BF4B-00C04F79EFBC}") = "TomatoTrackV2", "TomatoTrackV2\src\TomatoTrackV2\TomatoTrackV2.csproj", "{564F687E-7E70-4B36-A297-B1210F087945}"
EndProject
Global
	GlobalSection(SolutionConfigurationPlatforms) = preSolution
		Debug|Any CPU = Debug|Any CPU
		Release|Any CPU = Release|Any CPU
	EndGlobalSection
	GlobalSection(ProjectConfigurationPlatforms) = postSolution
		{564F687E-7E70-4B36-A297-B1210F087945}.Debug|Any CPU.ActiveCfg = Debug|Any CPU
		{564F687E-7E70-4B36-A297-B1210F087945}.Debug|Any CPU.Build.0 = Debug|Any CPU
		{564F687E-7E70-4B36-A297-B1210F087945}.Release|Any CPU.ActiveCfg = Release|Any CPU
		{564F687E-7E70-4B36-A297-B1210F087945}.Release|Any CPU.Build.0 = Release|Any CPU
	EndGlobalSection
EndGlobal
